<Solution>
  <Configurations>
    <Platform Name="x64" />
    <Platform Name="x86" />
  </Configurations>
  <Folder Name="/Solution Items/">
    <File Path="README.md" />
  </Folder>
  <Project Path="01_Print_Your_Name/01_Print_Your_Name.vcxproj" />
  <Project Path="02_Read_And_Print_Name/02_Read_And_Print_Name.vcxproj" />
  <Project Path="03_Check_Even_Odd_Number/03_Check_Even_Odd_Number.vcxproj" />
</Solution>
